
Microsoft Visual Studio Solution File, Format Version 12.00
# Visual Studio Version 16
VisualStudioVersion = 16.0.30517.126
MinimumVisualStudioVersion = 10.0.40219.1
Project("{2150E333-8FDC-42A3-9474-1A3956D46DE8}") = "Database", "Database", "{96717B05-181A-4235-8E6A-6DAB3476AA2A}"
EndProject
Project("{2150E333-8FDC-42A3-9474-1A3956D46DE8}") = "Services", "Services", "{567EA215-A36A-4470-978A-253FB83822A4}"
EndProject
Project("{2150E333-8FDC-42A3-9474-1A3956D46DE8}") = "Application", "Application", "{1188D3F3-9D66-49ED-ABAE-423A8169DF6B}"
EndProject
Project("{2150E333-8FDC-42A3-9474-1A3956D46DE8}") = "DTOs", "DTOs", "{67503B93-CA52-4B63-9C1F-ECC7D4F49F2F}"
EndProject
Project("{9A19103F-16F7-4668-BE54-9A1E7A4F7556}") = "IPTV.Big.Heart.Database", "Database\IPTV.Big.Heart.Database\IPTV.Big.Heart.Database.csproj", "{B84E2664-417A-445F-9D02-07DA38C8EFE3}"
EndProject
Project("{9A19103F-16F7-4668-BE54-9A1E7A4F7556}") = "IPTV.Big.Heart.Database.Models", "Database\IPTV.Big.Heart.Database.Models\IPTV.Big.Heart.Database.Models.csproj", "{655BC1A0-741D-4838-B120-08C7A8D6EE49}"
EndProject
Project("{FAE04EC0-301F-11D3-BF4B-00C04F79EFBC}") = "IPTV.Big.Heart.Application", "Application\IPTV.Big.Heart.Application\IPTV.Big.Heart.Application.csproj", "{8F1BD135-335F-49B3-A714-F28AAE29B3B2}"
EndProject
Global
	GlobalSection(SolutionConfigurationPlatforms) = preSolution
		Debug|Any CPU = Debug|Any CPU
		Release|Any CPU = Release|Any CPU
	EndGlobalSection
	GlobalSection(ProjectConfigurationPlatforms) = postSolution
		{B84E2664-417A-445F-9D02-07DA38C8EFE3}.Debug|Any CPU.ActiveCfg = Debug|Any CPU
		{B84E2664-417A-445F-9D02-07DA38C8EFE3}.Debug|Any CPU.Build.0 = Debug|Any CPU
		{B84E2664-417A-445F-9D02-07DA38C8EFE3}.Release|Any CPU.ActiveCfg = Release|Any CPU
		{B84E2664-417A-445F-9D02-07DA38C8EFE3}.Release|Any CPU.Build.0 = Release|Any CPU
		{655BC1A0-741D-4838-B120-08C7A8D6EE49}.Debug|Any CPU.ActiveCfg = Debug|Any CPU
		{655BC1A0-741D-4838-B120-08C7A8D6EE49}.Debug|Any CPU.Build.0 = Debug|Any CPU
		{655BC1A0-741D-4838-B120-08C7A8D6EE49}.Release|Any CPU.ActiveCfg = Release|Any CPU
		{655BC1A0-741D-4838-B120-08C7A8D6EE49}.Release|Any CPU.Build.0 = Release|Any CPU
		{8F1BD135-335F-49B3-A714-F28AAE29B3B2}.Debug|Any CPU.ActiveCfg = Debug|Any CPU
		{8F1BD135-335F-49B3-A714-F28AAE29B3B2}.Debug|Any CPU.Build.0 = Debug|Any CPU
		{8F1BD135-335F-49B3-A714-F28AAE29B3B2}.Release|Any CPU.ActiveCfg = Release|Any CPU
		{8F1BD135-335F-49B3-A714-F28AAE29B3B2}.Release|Any CPU.Build.0 = Release|Any CPU
	EndGlobalSection
	GlobalSection(SolutionProperties) = preSolution
		HideSolutionNode = FALSE
	EndGlobalSection
	GlobalSection(NestedProjects) = preSolution
		{B84E2664-417A-445F-9D02-07DA38C8EFE3} = {96717B05-181A-4235-8E6A-6DAB3476AA2A}
		{655BC1A0-741D-4838-B120-08C7A8D6EE49} = {96717B05-181A-4235-8E6A-6DAB3476AA2A}
		{8F1BD135-335F-49B3-A714-F28AAE29B3B2} = {1188D3F3-9D66-49ED-ABAE-423A8169DF6B}
	EndGlobalSection
	GlobalSection(ExtensibilityGlobals) = postSolution
		SolutionGuid = {61439DD2-C742-49AC-9AAC-D52A0E50F8D2}
	EndGlobalSection
EndGlobal
